
Microsoft Visual Studio Solution File, Format Version 12.00
# Visual Studio Version 17
VisualStudioVersion = 17.1.32319.34
MinimumVisualStudioVersion = 10.0.40219.1
Project("{9A19103F-16F7-4668-BE54-9A1E7A4F7556}") = "ZAI.Server", "Server\ZAI.Server.csproj", "{F8174CCE-173A-43AB-9B3B-74199792BA8D}"
EndProject
Project("{9A19103F-16F7-4668-BE54-9A1E7A4F7556}") = "ZAI.Client", "Client\ZAI.Client.csproj", "{1993887A-D87D-4E77-BA63-4B585FDA1477}"
EndProject
Project("{9A19103F-16F7-4668-BE54-9A1E7A4F7556}") = "ZAI.Shared", "Shared\ZAI.Shared.csproj", "{C8A0514A-26BF-4F67-A75E-5DD7B46B1D6A}"
EndProject
Global
	GlobalSection(SolutionConfigurationPlatforms) = preSolution
		Debug|Any CPU = Debug|Any CPU
		Release|Any CPU = Release|Any CPU
	EndGlobalSection
	GlobalSection(ProjectConfigurationPlatforms) = postSolution
		{F8174CCE-173A-43AB-9B3B-74199792BA8D}.Debug|Any CPU.ActiveCfg = Debug|Any CPU
		{F8174CCE-173A-43AB-9B3B-74199792BA8D}.Debug|Any CPU.Build.0 = Debug|Any CPU
		{F8174CCE-173A-43AB-9B3B-74199792BA8D}.Release|Any CPU.ActiveCfg = Release|Any CPU
		{F8174CCE-173A-43AB-9B3B-74199792BA8D}.Release|Any CPU.Build.0 = Release|Any CPU
		{1993887A-D87D-4E77-BA63-4B585FDA1477}.Debug|Any CPU.ActiveCfg = Debug|Any CPU
		{1993887A-D87D-4E77-BA63-4B585FDA1477}.Debug|Any CPU.Build.0 = Debug|Any CPU
		{1993887A-D87D-4E77-BA63-4B585FDA1477}.Release|Any CPU.ActiveCfg = Release|Any CPU
		{1993887A-D87D-4E77-BA63-4B585FDA1477}.Release|Any CPU.Build.0 = Release|Any CPU
		{C8A0514A-26BF-4F67-A75E-5DD7B46B1D6A}.Debug|Any CPU.ActiveCfg = Debug|Any CPU
		{C8A0514A-26BF-4F67-A75E-5DD7B46B1D6A}.Debug|Any CPU.Build.0 = Debug|Any CPU
		{C8A0514A-26BF-4F67-A75E-5DD7B46B1D6A}.Release|Any CPU.ActiveCfg = Release|Any CPU
		{C8A0514A-26BF-4F67-A75E-5DD7B46B1D6A}.Release|Any CPU.Build.0 = Release|Any CPU
	EndGlobalSection
	GlobalSection(SolutionProperties) = preSolution
		HideSolutionNode = FALSE
	EndGlobalSection
	GlobalSection(ExtensibilityGlobals) = postSolution
		SolutionGuid = {48F98438-5809-4C49-9A12-E4021FF66E65}
	EndGlobalSection
EndGlobal
